
Microsoft Visual Studio Solution File, Format Version 12.00
# Visual Studio Version 17
VisualStudioVersion = 17.3.32819.101
MinimumVisualStudioVersion = 10.0.40219.1
Project("{9A19103F-16F7-4668-BE54-9A1E7A4F7556}") = "Bioscoop", "Bioscoop\Bioscoop.csproj", "{65E12825-387F-496F-9565-02C094F8332A}"
EndProject
Project("{9A19103F-16F7-4668-BE54-9A1E7A4F7556}") = "Domain", "Domain\Domain.csproj", "{014A1454-F7EF-4259-9DEB-22BA06865151}"
EndProject
Project("{FAE04EC0-301F-11D3-BF4B-00C04F79EFBC}") = "Domain.Tests", "Domain.Tests\Domain.Tests.csproj", "{4EDACF34-9E55-49A2-9D1D-3ADC7CD5C0CC}"
EndProject
Global
	GlobalSection(SolutionConfigurationPlatforms) = preSolution
		Debug|Any CPU = Debug|Any CPU
		Release|Any CPU = Release|Any CPU
	EndGlobalSection
	GlobalSection(ProjectConfigurationPlatforms) = postSolution
		{65E12825-387F-496F-9565-02C094F8332A}.Debug|Any CPU.ActiveCfg = Debug|Any CPU
		{65E12825-387F-496F-9565-02C094F8332A}.Debug|Any CPU.Build.0 = Debug|Any CPU
		{65E12825-387F-496F-9565-02C094F8332A}.Release|Any CPU.ActiveCfg = Release|Any CPU
		{65E12825-387F-496F-9565-02C094F8332A}.Release|Any CPU.Build.0 = Release|Any CPU
		{014A1454-F7EF-4259-9DEB-22BA06865151}.Debug|Any CPU.ActiveCfg = Debug|Any CPU
		{014A1454-F7EF-4259-9DEB-22BA06865151}.Debug|Any CPU.Build.0 = Debug|Any CPU
		{014A1454-F7EF-4259-9DEB-22BA06865151}.Release|Any CPU.ActiveCfg = Release|Any CPU
		{014A1454-F7EF-4259-9DEB-22BA06865151}.Release|Any CPU.Build.0 = Release|Any CPU
		{4EDACF34-9E55-49A2-9D1D-3ADC7CD5C0CC}.Debug|Any CPU.ActiveCfg = Debug|Any CPU
		{4EDACF34-9E55-49A2-9D1D-3ADC7CD5C0CC}.Debug|Any CPU.Build.0 = Debug|Any CPU
		{4EDACF34-9E55-49A2-9D1D-3ADC7CD5C0CC}.Release|Any CPU.ActiveCfg = Release|Any CPU
		{4EDACF34-9E55-49A2-9D1D-3ADC7CD5C0CC}.Release|Any CPU.Build.0 = Release|Any CPU
	EndGlobalSection
	GlobalSection(SolutionProperties) = preSolution
		HideSolutionNode = FALSE
	EndGlobalSection
	GlobalSection(ExtensibilityGlobals) = postSolution
		SolutionGuid = {9D2323AC-5109-4CD1-AF3B-979C0453CC5B}
	EndGlobalSection
EndGlobal
